// !$*UTF8*$!
{
	archiveVersion = 1;
	classes = {
	};
	objectVersion = 46;
	objects = {

/* Begin PBXBuildFile section */
		994285DF1B955F2D00847355 /* main.m in Sources */ = {isa = PBXBuildFile; fileRef = 994285DE1B955F2D00847355 /* main.m */; };
		994285E71B95652700847355 /* BillingHandler.m in Sources */ = {isa = PBXBuildFile; fileRef = 994285E61B95652700847355 /* BillingHandler.m */; };
		994285EA1B95654600847355 /* EntryReader.m in Sources */ = {isa = PBXBuildFile; fileRef = 994285E91B95654600847355 /* EntryReader.m */; };
		994285ED1B95657000847355 /* TaxCalculator.m in Sources */ = {isa = PBXBuildFile; fileRef = 994285EC1B95657000847355 /* TaxCalculator.m */; };
		994285F01B9565F600847355 /* ProductDetails.m in Sources */ = {isa = PBXBuildFile; fileRef = 994285EF1B9565F600847355 /* ProductDetails.m */; };
/* End PBXBuildFile section */

/* Begin PBXCopyFilesBuildPhase section */
		994285D91B955F2D00847355 /* CopyFiles */ = {
			isa = PBXCopyFilesBuildPhase;
			buildActionMask = 2147483647;
			dstPath = usr/share/man/man1;
			dstSubfolderSpec = 7;
			files = (
			);
			runOnlyForDeploymentPostprocessing = 1;
		};
/* End PBXCopyFilesBuildPhase section */

/* Begin PBXFileReference section */
		994285DB1B955F2D00847355 /* BillingTool */ = {isa = PBXFileReference; explicitFileType = "compiled.mach-o.executable"; includeInIndex = 0; path = BillingTool; sourceTree = BUILT_PRODUCTS_DIR; };
		994285DE1B955F2D00847355 /* main.m */ = {isa = PBXFileReference; lastKnownFileType = sourcecode.c.objc; path = main.m; sourceTree = "<group>"; };
		994285E51B95652700847355 /* BillingHandler.h */ = {isa = PBXFileReference; fileEncoding = 4; lastKnownFileType = sourcecode.c.h; path = BillingHandler.h; sourceTree = "<group>"; };
		994285E61B95652700847355 /* BillingHandler.m */ = {isa = PBXFileReference; fileEncoding = 4; lastKnownFileType = sourcecode.c.objc; path = BillingHandler.m; sourceTree = "<group>"; };
		994285E81B95654600847355 /* EntryReader.h */ = {isa = PBXFileReference; fileEncoding = 4; lastKnownFileType = sourcecode.c.h; path = EntryReader.h; sourceTree = "<group>"; };
		994285E91B95654600847355 /* EntryReader.m */ = {isa = PBXFileReference; fileEncoding = 4; lastKnownFileType = sourcecode.c.objc; path = EntryReader.m; sourceTree = "<group>"; };
		994285EB1B95657000847355 /* TaxCalculator.h */ = {isa = PBXFileReference; fileEncoding = 4; lastKnownFileType = sourcecode.c.h; path = TaxCalculator.h; sourceTree = "<group>"; };
		994285EC1B95657000847355 /* TaxCalculator.m */ = {isa = PBXFileReference; fileEncoding = 4; lastKnownFileType = sourcecode.c.objc; path = TaxCalculator.m; sourceTree = "<group>"; };
		994285EE1B9565F600847355 /* ProductDetails.h */ = {isa = PBXFileReference; fileEncoding = 4; lastKnownFileType = sourcecode.c.h; path = ProductDetails.h; sourceTree = "<group>"; };
		994285EF1B9565F600847355 /* ProductDetails.m */ = {isa = PBXFileReference; fileEncoding = 4; lastKnownFileType = sourcecode.c.objc; path = ProductDetails.m; sourceTree = "<group>"; };
		994285F31B9587C300847355 /* Exempted.plist */ = {isa = PBXFileReference; fileEncoding = 4; lastKnownFileType = text.plist.xml; path = Exempted.plist; sourceTree = "<group>"; };
/* End PBXFileReference section */

/* Begin PBXFrameworksBuildPhase section */
		994285D81B955F2D00847355 /* Frameworks */ = {
			isa = PBXFrameworksBuildPhase;
			buildActionMask = 2147483647;
			files = (
			);
			runOnlyForDeploymentPostprocessing = 0;
		};
/* End PBXFrameworksBuildPhase section */

/* Begin PBXGroup section */
		994285D21B955F2D00847355 = {
			isa = PBXGroup;
			children = (
				994285DD1B955F2D00847355 /* BillingTool */,
				994285DC1B955F2D00847355 /* Products */,
			);
			sourceTree = "<group>";
		};
		994285DC1B955F2D00847355 /* Products */ = {
			isa = PBXGroup;
			children = (
				994285DB1B955F2D00847355 /* BillingTool */,
			);
			name = Products;
			sourceTree = "<group>";
		};
		994285DD1B955F2D00847355 /* BillingTool */ = {
			isa = PBXGroup;
			children = (
				994285DE1B955F2D00847355 /* main.m */,
				994285E51B95652700847355 /* BillingHandler.h */,
				994285E61B95652700847355 /* BillingHandler.m */,
				994285E81B95654600847355 /* EntryReader.h */,
				994285E91B95654600847355 /* EntryReader.m */,
				994285EB1B95657000847355 /* TaxCalculator.h */,
				994285EC1B95657000847355 /* TaxCalculator.m */,
				994285EE1B9565F600847355 /* ProductDetails.h */,
				994285EF1B9565F600847355 /* ProductDetails.m */,
				994285F31B9587C300847355 /* Exempted.plist */,
			);
			path = BillingTool;
			sourceTree = "<group>";
		};
/* End PBXGroup section */

/* Begin PBXNativeTarget section */
		994285DA1B955F2D00847355 /* BillingTool */ = {
			isa = PBXNativeTarget;
			buildConfigurationList = 994285E21B955F2D00847355 /* Build configuration list for PBXNativeTarget "BillingTool" */;
			buildPhases = (
				994285D71B955F2D00847355 /* Sources */,
				994285D81B955F2D00847355 /* Frameworks */,
				994285D91B955F2D00847355 /* CopyFiles */,
			);
			buildRules = (
			);
			dependencies = (
			);
			name = BillingTool;
			productName = BillingTool;
			productReference = 994285DB1B955F2D00847355 /* BillingTool */;
			productType = "com.apple.product-type.tool";
		};
/* End PBXNativeTarget section */

/* Begin PBXProject section */
		994285D31B955F2D00847355 /* Project object */ = {
			isa = PBXProject;
			attributes = {
				LastUpgradeCheck = 0630;
				ORGANIZATIONNAME = iOSRookie;
				TargetAttributes = {
					994285DA1B955F2D00847355 = {
						CreatedOnToolsVersion = 6.3.1;
					};
				};
			};
			buildConfigurationList = 994285D61B955F2D00847355 /* Build configuration list for PBXProject "BillingTool" */;
			compatibilityVersion = "Xcode 3.2";
			developmentRegion = English;
			hasScannedForEncodings = 0;
			knownRegions = (
				en,
			);
			mainGroup = 994285D21B955F2D00847355;
			productRefGroup = 994285DC1B955F2D00847355 /* Products */;
			projectDirPath = "";
			projectRoot = "";
			targets = (
				994285DA1B955F2D00847355 /* BillingTool */,
			);
		};
/* End PBXProject section */

/* Begin PBXSourcesBuildPhase section */
		994285D71B955F2D00847355 /* Sources */ = {
			isa = PBXSourcesBuildPhase;
			buildActionMask = 2147483647;
			files = (
				994285F01B9565F600847355 /* ProductDetails.m in Sources */,
				994285ED1B95657000847355 /* TaxCalculator.m in Sources */,
				994285E71B95652700847355 /* BillingHandler.m in Sources */,
				994285DF1B955F2D00847355 /* main.m in Sources */,
				994285EA1B95654600847355 /* EntryReader.m in Sources */,
			);
			runOnlyForDeploymentPostprocessing = 0;
		};
/* End PBXSourcesBuildPhase section */

/* Begin XCBuildConfiguration section */
		994285E01B955F2D00847355 /* Debug */ = {
			isa = XCBuildConfiguration;
			buildSettings = {
				ALWAYS_SEARCH_USER_PATHS = NO;
				CLANG_CXX_LANGUAGE_STANDARD = "gnu++0x";
				CLANG_CXX_LIBRARY = "libc++";
				CLANG_ENABLE_MODULES = YES;
				CLANG_ENABLE_OBJC_ARC = YES;
				CLANG_WARN_BOOL_CONVERSION = YES;
				CLANG_WARN_CONSTANT_CONVERSION = YES;
				CLANG_WARN_DIRECT_OBJC_ISA_USAGE = YES_ERROR;
				CLANG_WARN_EMPTY_BODY = YES;
				CLANG_WARN_ENUM_CONVERSION = YES;
				CLANG_WARN_INT_CONVERSION = YES;
				CLANG_WARN_OBJC_ROOT_CLASS = YES_ERROR;
				CLANG_WARN_UNREACHABLE_CODE = YES;
				CLANG_WARN__DUPLICATE_METHOD_MATCH = YES;
				COPY_PHASE_STRIP = NO;
				DEBUG_INFORMATION_FORMAT = dwarf;
				ENABLE_STRICT_OBJC_MSGSEND = YES;
				GCC_C_LANGUAGE_STANDARD = gnu99;
				GCC_DYNAMIC_NO_PIC = NO;
				GCC_NO_COMMON_BLOCKS = YES;
				GCC_OPTIMIZATION_LEVEL = 0;
				GCC_PREPROCESSOR_DEFINITIONS = (
					"DEBUG=1",
					"$(inherited)",
				);
				GCC_SYMBOLS_PRIVATE_EXTERN = NO;
				GCC_WARN_64_TO_32_BIT_CONVERSION = YES;
				GCC_WARN_ABOUT_RETURN_TYPE = YES_ERROR;
				GCC_WARN_UNDECLARED_SELECTOR = YES;
				GCC_WARN_UNINITIALIZED_AUTOS = YES_AGGRESSIVE;
				GCC_WARN_UNUSED_FUNCTION = YES;
				GCC_WARN_UNUSED_VARIABLE = YES;
				MACOSX_DEPLOYMENT_TARGET = 10.10;
				MTL_ENABLE_DEBUG_INFO = YES;
				ONLY_ACTIVE_ARCH = YES;
				SDKROOT = macosx;
			};
			name = Debug;
		};
		994285E11B955F2D00847355 /* Release */ = {
			isa = XCBuildConfiguration;
			buildSettings = {
				ALWAYS_SEARCH_USER_PATHS = NO;
				CLANG_CXX_LANGUAGE_STANDARD = "gnu++0x";
				CLANG_CXX_LIBRARY = "libc++";
				CLANG_ENABLE_MODULES = YES;
				CLANG_ENABLE_OBJC_ARC = YES;
				CLANG_WARN_BOOL_CONVERSION = YES;
				CLANG_WARN_CONSTANT_CONVERSION = YES;
				CLANG_WARN_DIRECT_OBJC_ISA_USAGE = YES_ERROR;
				CLANG_WARN_EMPTY_BODY = YES;
				CLANG_WARN_ENUM_CONVERSION = YES;
				CLANG_WARN_INT_CONVERSION = YES;
				CLANG_WARN_OBJC_ROOT_CLASS = YES_ERROR;
				CLANG_WARN_UNREACHABLE_CODE = YES;
				CLANG_WARN__DUPLICATE_METHOD_MATCH = YES;
				COPY_PHASE_STRIP = NO;
				DEBUG_INFORMATION_FORMAT = "dwarf-with-dsym";
				ENABLE_NS_ASSERTIONS = NO;
				ENABLE_STRICT_OBJC_MSGSEND = YES;
				GCC_C_LANGUAGE_STANDARD = gnu99;
				GCC_NO_COMMON_BLOCKS = YES;
				GCC_WARN_64_TO_32_BIT_CONVERSION = YES;
				GCC_WARN_ABOUT_RETURN_TYPE = YES_ERROR;
				GCC_WARN_UNDECLARED_SELECTOR = YES;
				GCC_WARN_UNINITIALIZED_AUTOS = YES_AGGRESSIVE;
				GCC_WARN_UNUSED_FUNCTION = YES;
				GCC_WARN_UNUSED_VARIABLE = YES;
				MACOSX_DEPLOYMENT_TARGET = 10.10;
				MTL_ENABLE_DEBUG_INFO = NO;
				SDKROOT = macosx;
			};
			name = Release;
		};
		994285E31B955F2D00847355 /* Debug */ = {
			isa = XCBuildConfiguration;
			buildSettings = {
				PRODUCT_NAME = "$(TARGET_NAME)";
			};
			name = Debug;
		};
		994285E41B955F2D00847355 /* Release */ = {
			isa = XCBuildConfiguration;
			buildSettings = {
				PRODUCT_NAME = "$(TARGET_NAME)";
			};
			name = Release;
		};
/* End XCBuildConfiguration section */

/* Begin XCConfigurationList section */
		994285D61B955F2D00847355 /* Build configuration list for PBXProject "BillingTool" */ = {
			isa = XCConfigurationList;
			buildConfigurations = (
				994285E01B955F2D00847355 /* Debug */,
				994285E11B955F2D00847355 /* Release */,
			);
			defaultConfigurationIsVisible = 0;
			defaultConfigurationName = Release;
		};
		994285E21B955F2D00847355 /* Build configuration list for PBXNativeTarget "BillingTool" */ = {
			isa = XCConfigurationList;
			buildConfigurations = (
				994285E31B955F2D00847355 /* Debug */,
				994285E41B955F2D00847355 /* Release */,
			);
			defaultConfigurationIsVisible = 0;
		};
/* End XCConfigurationList section */
	};
	rootObject = 994285D31B955F2D00847355 /* Project object */;
}
